// !$*UTF8*$!
{
	archiveVersion = 1;
	classes = {
	};
	objectVersion = 50;
	objects = {

/* Begin PBXBuildFile section */
		75A43C4024BF476B005EADEA /* AppDelegate.swift in Sources */ = {isa = PBXBuildFile; fileRef = 75A43C3F24BF476B005EADEA /* AppDelegate.swift */; };
		75A43C4224BF476B005EADEA /* SceneDelegate.swift in Sources */ = {isa = PBXBuildFile; fileRef = 75A43C4124BF476B005EADEA /* SceneDelegate.swift */; };
		75A43C4424BF476B005EADEA /* ContentView.swift in Sources */ = {isa = PBXBuildFile; fileRef = 75A43C4324BF476B005EADEA /* ContentView.swift */; };
		75A43C4624BF476E005EADEA /* Assets.xcassets in Resources */ = {isa = PBXBuildFile; fileRef = 75A43C4524BF476E005EADEA /* Assets.xcassets */; };
		75A43C4924BF476E005EADEA /* Preview Assets.xcassets in Resources */ = {isa = PBXBuildFile; fileRef = 75A43C4824BF476E005EADEA /* Preview Assets.xcassets */; };
		75A43C4C24BF476E005EADEA /* LaunchScreen.storyboard in Resources */ = {isa = PBXBuildFile; fileRef = 75A43C4A24BF476E005EADEA /* LaunchScreen.storyboard */; };
/* End PBXBuildFile section */

/* Begin PBXFileReference section */
		75A43C3C24BF476B005EADEA /* TimeCheck.app */ = {isa = PBXFileReference; explicitFileType = wrapper.application; includeInIndex = 0; path = TimeCheck.app; sourceTree = BUILT_PRODUCTS_DIR; };
		75A43C3F24BF476B005EADEA /* AppDelegate.swift */ = {isa = PBXFileReference; lastKnownFileType = sourcecode.swift; path = AppDelegate.swift; sourceTree = "<group>"; };
		75A43C4124BF476B005EADEA /* SceneDelegate.swift */ = {isa = PBXFileReference; lastKnownFileType = sourcecode.swift; path = SceneDelegate.swift; sourceTree = "<group>"; };
		75A43C4324BF476B005EADEA /* ContentView.swift */ = {isa = PBXFileReference; lastKnownFileType = sourcecode.swift; path = ContentView.swift; sourceTree = "<group>"; };
		75A43C4524BF476E005EADEA /* Assets.xcassets */ = {isa = PBXFileReference; lastKnownFileType = folder.assetcatalog; path = Assets.xcassets; sourceTree = "<group>"; };
		75A43C4824BF476E005EADEA /* Preview Assets.xcassets */ = {isa = PBXFileReference; lastKnownFileType = folder.assetcatalog; path = "Preview Assets.xcassets"; sourceTree = "<group>"; };
		75A43C4B24BF476E005EADEA /* Base */ = {isa = PBXFileReference; lastKnownFileType = file.storyboard; name = Base; path = Base.lproj/LaunchScreen.storyboard; sourceTree = "<group>"; };
		75A43C4D24BF476E005EADEA /* Info.plist */ = {isa = PBXFileReference; lastKnownFileType = text.plist.xml; path = Info.plist; sourceTree = "<group>"; };
/* End PBXFileReference section */

/* Begin PBXFrameworksBuildPhase section */
		75A43C3924BF476A005EADEA /* Frameworks */ = {
			isa = PBXFrameworksBuildPhase;
			buildActionMask = 2147483647;
			files = (
			);
			runOnlyForDeploymentPostprocessing = 0;
		};
/* End PBXFrameworksBuildPhase section */

/* Begin PBXGroup section */
		75A43C3324BF476A005EADEA = {
			isa = PBXGroup;
			children = (
				75A43C3E24BF476B005EADEA /* TimeCheck */,
				75A43C3D24BF476B005EADEA /* Products */,
			);
			sourceTree = "<group>";
		};
		75A43C3D24BF476B005EADEA /* Products */ = {
			isa = PBXGroup;
			children = (
				75A43C3C24BF476B005EADEA /* TimeCheck.app */,
			);
			name = Products;
			sourceTree = "<group>";
		};
		75A43C3E24BF476B005EADEA /* TimeCheck */ = {
			isa = PBXGroup;
			children = (
				75A43C3F24BF476B005EADEA /* AppDelegate.swift */,
				75A43C4124BF476B005EADEA /* SceneDelegate.swift */,
				75A43C4324BF476B005EADEA /* ContentView.swift */,
				75A43C4524BF476E005EADEA /* Assets.xcassets */,
				75A43C4A24BF476E005EADEA /* LaunchScreen.storyboard */,
				75A43C4D24BF476E005EADEA /* Info.plist */,
				75A43C4724BF476E005EADEA /* Preview Content */,
			);
			path = TimeCheck;
			sourceTree = "<group>";
		};
		75A43C4724BF476E005EADEA /* Preview Content */ = {
			isa = PBXGroup;
			children = (
				75A43C4824BF476E005EADEA /* Preview Assets.xcassets */,
			);
			path = "Preview Content";
			sourceTree = "<group>";
		};
/* End PBXGroup section */

/* Begin PBXNativeTarget section */
		75A43C3B24BF476A005EADEA /* TimeCheck */ = {
			isa = PBXNativeTarget;
			buildConfigurationList = 75A43C5024BF476E005EADEA /* Build configuration list for PBXNativeTarget "TimeCheck" */;
			buildPhases = (
				75A43C3824BF476A005EADEA /* Sources */,
				75A43C3924BF476A005EADEA /* Frameworks */,
				75A43C3A24BF476A005EADEA /* Resources */,
			);
			buildRules = (
			);
			dependencies = (
			);
			name = TimeCheck;
			productName = TimeCheck;
			productReference = 75A43C3C24BF476B005EADEA /* TimeCheck.app */;
			productType = "com.apple.product-type.application";
		};
/* End PBXNativeTarget section */

/* Begin PBXProject section */
		75A43C3424BF476A005EADEA /* Project object */ = {
			isa = PBXProject;
			attributes = {
				LastSwiftUpdateCheck = 1150;
				LastUpgradeCheck = 1150;
				ORGANIZATIONNAME = "mit-mihohim";
				TargetAttributes = {
					75A43C3B24BF476A005EADEA = {
						CreatedOnToolsVersion = 11.5;
					};
				};
			};
			buildConfigurationList = 75A43C3724BF476A005EADEA /* Build configuration list for PBXProject "TimeCheck" */;
			compatibilityVersion = "Xcode 9.3";
			developmentRegion = en;
			hasScannedForEncodings = 0;
			knownRegions = (
				en,
				Base,
			);
			mainGroup = 75A43C3324BF476A005EADEA;
			productRefGroup = 75A43C3D24BF476B005EADEA /* Products */;
			projectDirPath = "";
			projectRoot = "";
			targets = (
				75A43C3B24BF476A005EADEA /* TimeCheck */,
			);
		};
/* End PBXProject section */

/* Begin PBXResourcesBuildPhase section */
		75A43C3A24BF476A005EADEA /* Resources */ = {
			isa = PBXResourcesBuildPhase;
			buildActionMask = 2147483647;
			files = (
				75A43C4C24BF476E005EADEA /* LaunchScreen.storyboard in Resources */,
				75A43C4924BF476E005EADEA /* Preview Assets.xcassets in Resources */,
				75A43C4624BF476E005EADEA /* Assets.xcassets in Resources */,
			);
			runOnlyForDeploymentPostprocessing = 0;
		};
/* End PBXResourcesBuildPhase section */

/* Begin PBXSourcesBuildPhase section */
		75A43C3824BF476A005EADEA /* Sources */ = {
			isa = PBXSourcesBuildPhase;
			buildActionMask = 2147483647;
			files = (
				75A43C4024BF476B005EADEA /* AppDelegate.swift in Sources */,
				75A43C4224BF476B005EADEA /* SceneDelegate.swift in Sources */,
				75A43C4424BF476B005EADEA /* ContentView.swift in Sources */,
			);
			runOnlyForDeploymentPostprocessing = 0;
		};
/* End PBXSourcesBuildPhase section */

/* Begin PBXVariantGroup section */
		75A43C4A24BF476E005EADEA /* LaunchScreen.storyboard */ = {
			isa = PBXVariantGroup;
			children = (
				75A43C4B24BF476E005EADEA /* Base */,
			);
			name = LaunchScreen.storyboard;
			sourceTree = "<group>";
		};
/* End PBXVariantGroup section */

/* Begin XCBuildConfiguration section */
		75A43C4E24BF476E005EADEA /* Debug */ = {
			isa = XCBuildConfiguration;
			buildSettings = {
				ALWAYS_SEARCH_USER_PATHS = NO;
				CLANG_ANALYZER_NONNULL = YES;
				CLANG_ANALYZER_NUMBER_OBJECT_CONVERSION = YES_AGGRESSIVE;
				CLANG_CXX_LANGUAGE_STANDARD = "gnu++14";
				CLANG_CXX_LIBRARY = "libc++";
				CLANG_ENABLE_MODULES = YES;
				CLANG_ENABLE_OBJC_ARC = YES;
				CLANG_ENABLE_OBJC_WEAK = YES;
				CLANG_WARN_BLOCK_CAPTURE_AUTORELEASING = YES;
				CLANG_WARN_BOOL_CONVERSION = YES;
				CLANG_WARN_COMMA = YES;
				CLANG_WARN_CONSTANT_CONVERSION = YES;
				CLANG_WARN_DEPRECATED_OBJC_IMPLEMENTATIONS = YES;
				CLANG_WARN_DIRECT_OBJC_ISA_USAGE = YES_ERROR;
				CLANG_WARN_DOCUMENTATION_COMMENTS = YES;
				CLANG_WARN_EMPTY_BODY = YES;
				CLANG_WARN_ENUM_CONVERSION = YES;
				CLANG_WARN_INFINITE_RECURSION = YES;
				CLANG_WARN_INT_CONVERSION = YES;
				CLANG_WARN_NON_LITERAL_NULL_CONVERSION = YES;
				CLANG_WARN_OBJC_IMPLICIT_RETAIN_SELF = YES;
				CLANG_WARN_OBJC_LITERAL_CONVERSION = YES;
				CLANG_WARN_OBJC_ROOT_CLASS = YES_ERROR;
				CLANG_WARN_RANGE_LOOP_ANALYSIS = YES;
				CLANG_WARN_STRICT_PROTOTYPES = YES;
				CLANG_WARN_SUSPICIOUS_MOVE = YES;
				CLANG_WARN_UNGUARDED_AVAILABILITY = YES_AGGRESSIVE;
				CLANG_WARN_UNREACHABLE_CODE = YES;
				CLANG_WARN__DUPLICATE_METHOD_MATCH = YES;
				COPY_PHASE_STRIP = NO;
				DEBUG_INFORMATION_FORMAT = dwarf;
				ENABLE_STRICT_OBJC_MSGSEND = YES;
				ENABLE_TESTABILITY = YES;
				GCC_C_LANGUAGE_STANDARD = gnu11;
				GCC_DYNAMIC_NO_PIC = NO;
				GCC_NO_COMMON_BLOCKS = YES;
				GCC_OPTIMIZATION_LEVEL = 0;
				GCC_PREPROCESSOR_DEFINITIONS = (
					"DEBUG=1",
					"$(inherited)",
				);
				GCC_WARN_64_TO_32_BIT_CONVERSION = YES;
				GCC_WARN_ABOUT_RETURN_TYPE = YES_ERROR;
				GCC_WARN_UNDECLARED_SELECTOR = YES;
				GCC_WARN_UNINITIALIZED_AUTOS = YES_AGGRESSIVE;
				GCC_WARN_UNUSED_FUNCTION = YES;
				GCC_WARN_UNUSED_VARIABLE = YES;
				IPHONEOS_DEPLOYMENT_TARGET = 13.5;
				MTL_ENABLE_DEBUG_INFO = INCLUDE_SOURCE;
				MTL_FAST_MATH = YES;
				ONLY_ACTIVE_ARCH = YES;
				SDKROOT = iphoneos;
				SWIFT_ACTIVE_COMPILATION_CONDITIONS = DEBUG;
				SWIFT_OPTIMIZATION_LEVEL = "-Onone";
			};
			name = Debug;
		};
		75A43C4F24BF476E005EADEA /* Release */ = {
			isa = XCBuildConfiguration;
			buildSettings = {
				ALWAYS_SEARCH_USER_PATHS = NO;
				CLANG_ANALYZER_NONNULL = YES;
				CLANG_ANALYZER_NUMBER_OBJECT_CONVERSION = YES_AGGRESSIVE;
				CLANG_CXX_LANGUAGE_STANDARD = "gnu++14";
				CLANG_CXX_LIBRARY = "libc++";
				CLANG_ENABLE_MODULES = YES;
				CLANG_ENABLE_OBJC_ARC = YES;
				CLANG_ENABLE_OBJC_WEAK = YES;
				CLANG_WARN_BLOCK_CAPTURE_AUTORELEASING = YES;
				CLANG_WARN_BOOL_CONVERSION = YES;
				CLANG_WARN_COMMA = YES;
				CLANG_WARN_CONSTANT_CONVERSION = YES;
				CLANG_WARN_DEPRECATED_OBJC_IMPLEMENTATIONS = YES;
				CLANG_WARN_DIRECT_OBJC_ISA_USAGE = YES_ERROR;
				CLANG_WARN_DOCUMENTATION_COMMENTS = YES;
				CLANG_WARN_EMPTY_BODY = YES;
				CLANG_WARN_ENUM_CONVERSION = YES;
				CLANG_WARN_INFINITE_RECURSION = YES;
				CLANG_WARN_INT_CONVERSION = YES;
				CLANG_WARN_NON_LITERAL_NULL_CONVERSION = YES;
				CLANG_WARN_OBJC_IMPLICIT_RETAIN_SELF = YES;
				CLANG_WARN_OBJC_LITERAL_CONVERSION = YES;
				CLANG_WARN_OBJC_ROOT_CLASS = YES_ERROR;
				CLANG_WARN_RANGE_LOOP_ANALYSIS = YES;
				CLANG_WARN_STRICT_PROTOTYPES = YES;
				CLANG_WARN_SUSPICIOUS_MOVE = YES;
				CLANG_WARN_UNGUARDED_AVAILABILITY = YES_AGGRESSIVE;
				CLANG_WARN_UNREACHABLE_CODE = YES;
				CLANG_WARN__DUPLICATE_METHOD_MATCH = YES;
				COPY_PHASE_STRIP = NO;
				DEBUG_INFORMATION_FORMAT = "dwarf-with-dsym";
				ENABLE_NS_ASSERTIONS = NO;
				ENABLE_STRICT_OBJC_MSGSEND = YES;
				GCC_C_LANGUAGE_STANDARD = gnu11;
				GCC_NO_COMMON_BLOCKS = YES;
				GCC_WARN_64_TO_32_BIT_CONVERSION = YES;
				GCC_WARN_ABOUT_RETURN_TYPE = YES_ERROR;
				GCC_WARN_UNDECLARED_SELECTOR = YES;
				GCC_WARN_UNINITIALIZED_AUTOS = YES_AGGRESSIVE;
				GCC_WARN_UNUSED_FUNCTION = YES;
				GCC_WARN_UNUSED_VARIABLE = YES;
				IPHONEOS_DEPLOYMENT_TARGET = 13.5;
				MTL_ENABLE_DEBUG_INFO = NO;
				MTL_FAST_MATH = YES;
				SDKROOT = iphoneos;
				SWIFT_COMPILATION_MODE = wholemodule;
				SWIFT_OPTIMIZATION_LEVEL = "-O";
				VALIDATE_PRODUCT = YES;
			};
			name = Release;
		};
		75A43C5124BF476E005EADEA /* Debug */ = {
			isa = XCBuildConfiguration;
			buildSettings = {
				ASSETCATALOG_COMPILER_APPICON_NAME = AppIcon;
				CODE_SIGN_STYLE = Automatic;
				DEVELOPMENT_ASSET_PATHS = "\"TimeCheck/Preview Content\"";
				DEVELOPMENT_TEAM = XMF654HHUW;
				ENABLE_PREVIEWS = YES;
				INFOPLIST_FILE = TimeCheck/Info.plist;
				LD_RUNPATH_SEARCH_PATHS = (
					"$(inherited)",
					"@executable_path/Frameworks",
				);
				PRODUCT_BUNDLE_IDENTIFIER = me.mit.mihohim.TimeCheck;
				PRODUCT_NAME = "$(TARGET_NAME)";
				SWIFT_VERSION = 5.0;
				TARGETED_DEVICE_FAMILY = "1,2";
			};
			name = Debug;
		};
		75A43C5224BF476E005EADEA /* Release */ = {
			isa = XCBuildConfiguration;
			buildSettings = {
				ASSETCATALOG_COMPILER_APPICON_NAME = AppIcon;
				CODE_SIGN_STYLE = Automatic;
				DEVELOPMENT_ASSET_PATHS = "\"TimeCheck/Preview Content\"";
				DEVELOPMENT_TEAM = XMF654HHUW;
				ENABLE_PREVIEWS = YES;
				INFOPLIST_FILE = TimeCheck/Info.plist;
				LD_RUNPATH_SEARCH_PATHS = (
					"$(inherited)",
					"@executable_path/Frameworks",
				);
				PRODUCT_BUNDLE_IDENTIFIER = me.mit.mihohim.TimeCheck;
				PRODUCT_NAME = "$(TARGET_NAME)";
				SWIFT_VERSION = 5.0;
				TARGETED_DEVICE_FAMILY = "1,2";
			};
			name = Release;
		};
/* End XCBuildConfiguration section */

/* Begin XCConfigurationList section */
		75A43C3724BF476A005EADEA /* Build configuration list for PBXProject "TimeCheck" */ = {
			isa = XCConfigurationList;
			buildConfigurations = (
				75A43C4E24BF476E005EADEA /* Debug */,
				75A43C4F24BF476E005EADEA /* Release */,
			);
			defaultConfigurationIsVisible = 0;
			defaultConfigurationName = Release;
		};
		75A43C5024BF476E005EADEA /* Build configuration list for PBXNativeTarget "TimeCheck" */ = {
			isa = XCConfigurationList;
			buildConfigurations = (
				75A43C5124BF476E005EADEA /* Debug */,
				75A43C5224BF476E005EADEA /* Release */,
			);
			defaultConfigurationIsVisible = 0;
			defaultConfigurationName = Release;
		};
/* End XCConfigurationList section */
	};
	rootObject = 75A43C3424BF476A005EADEA /* Project object */;
}
